
Microsoft Visual Studio Solution File, Format Version 12.00
# Visual Studio Version 16
VisualStudioVersion = 16.0.29911.84
MinimumVisualStudioVersion = 10.0.40219.1
Project("{9A19103F-16F7-4668-BE54-9A1E7A4F7556}") = "ConsoleUI", "ConsoleUI\ConsoleUI.csproj", "{CD08FFEF-3370-45F2-B0B3-A857051C5D43}"
EndProject
Project("{9A19103F-16F7-4668-BE54-9A1E7A4F7556}") = "WindowsFormsUI", "WindowsFormsUI\WindowsFormsUI.csproj", "{D478C40A-F77A-4BCF-B768-A1BE5D7393D8}"
	ProjectSection(ProjectDependencies) = postProject
		{DE70BEDE-624F-4B76-851B-E07FB35AC580} = {DE70BEDE-624F-4B76-851B-E07FB35AC580}
		{CD08FFEF-3370-45F2-B0B3-A857051C5D43} = {CD08FFEF-3370-45F2-B0B3-A857051C5D43}
	EndProjectSection
EndProject
Project("{9A19103F-16F7-4668-BE54-9A1E7A4F7556}") = "AlgorithmLibrary", "AlgorithmLibrary\AlgorithmLibrary.csproj", "{DE70BEDE-624F-4B76-851B-E07FB35AC580}"
EndProject
Project("{54435603-DBB4-11D2-8724-00A0C9A8B90C}") = "Setup", "Setup\Setup.vdproj", "{ABB86CCD-938F-420A-9768-9C38B6E3644E}"
EndProject
Global
	GlobalSection(SolutionConfigurationPlatforms) = preSolution
		Debug|Any CPU = Debug|Any CPU
		Release|Any CPU = Release|Any CPU
	EndGlobalSection
	GlobalSection(ProjectConfigurationPlatforms) = postSolution
		{CD08FFEF-3370-45F2-B0B3-A857051C5D43}.Debug|Any CPU.ActiveCfg = Release|Any CPU
		{CD08FFEF-3370-45F2-B0B3-A857051C5D43}.Debug|Any CPU.Build.0 = Release|Any CPU
		{CD08FFEF-3370-45F2-B0B3-A857051C5D43}.Release|Any CPU.ActiveCfg = Release|Any CPU
		{CD08FFEF-3370-45F2-B0B3-A857051C5D43}.Release|Any CPU.Build.0 = Release|Any CPU
		{D478C40A-F77A-4BCF-B768-A1BE5D7393D8}.Debug|Any CPU.ActiveCfg = Release|Any CPU
		{D478C40A-F77A-4BCF-B768-A1BE5D7393D8}.Debug|Any CPU.Build.0 = Release|Any CPU
		{D478C40A-F77A-4BCF-B768-A1BE5D7393D8}.Release|Any CPU.ActiveCfg = Release|Any CPU
		{D478C40A-F77A-4BCF-B768-A1BE5D7393D8}.Release|Any CPU.Build.0 = Release|Any CPU
		{DE70BEDE-624F-4B76-851B-E07FB35AC580}.Debug|Any CPU.ActiveCfg = Release|Any CPU
		{DE70BEDE-624F-4B76-851B-E07FB35AC580}.Debug|Any CPU.Build.0 = Release|Any CPU
		{DE70BEDE-624F-4B76-851B-E07FB35AC580}.Release|Any CPU.ActiveCfg = Release|Any CPU
		{DE70BEDE-624F-4B76-851B-E07FB35AC580}.Release|Any CPU.Build.0 = Release|Any CPU
		{ABB86CCD-938F-420A-9768-9C38B6E3644E}.Debug|Any CPU.ActiveCfg = Debug
		{ABB86CCD-938F-420A-9768-9C38B6E3644E}.Release|Any CPU.ActiveCfg = Release
	EndGlobalSection
	GlobalSection(SolutionProperties) = preSolution
		HideSolutionNode = FALSE
	EndGlobalSection
	GlobalSection(ExtensibilityGlobals) = postSolution
		SolutionGuid = {1B66DE6C-8AD8-4B9A-9C70-A60D9E1A8DE6}
	EndGlobalSection
EndGlobal
